
Microsoft Visual Studio Solution File, Format Version 12.00
# Visual Studio 15
VisualStudioVersion = 15.0.27428.2037
MinimumVisualStudioVersion = 10.0.40219.1
Project("{8BC9CEB8-8B4A-11D0-8D11-00A0C91BC942}") = "矩阵连乘", "矩阵连乘\矩阵连乘.vcxproj", "{884FF468-D490-44F8-B418-661B91E4918D}"
EndProject
Global
	GlobalSection(SolutionConfigurationPlatforms) = preSolution
		Debug|x64 = Debug|x64
		Debug|x86 = Debug|x86
		Release|x64 = Release|x64
		Release|x86 = Release|x86
	EndGlobalSection
	GlobalSection(ProjectConfigurationPlatforms) = postSolution
		{884FF468-D490-44F8-B418-661B91E4918D}.Debug|x64.ActiveCfg = Debug|x64
		{884FF468-D490-44F8-B418-661B91E4918D}.Debug|x64.Build.0 = Debug|x64
		{884FF468-D490-44F8-B418-661B91E4918D}.Debug|x86.ActiveCfg = Debug|Win32
		{884FF468-D490-44F8-B418-661B91E4918D}.Debug|x86.Build.0 = Debug|Win32
		{884FF468-D490-44F8-B418-661B91E4918D}.Release|x64.ActiveCfg = Release|x64
		{884FF468-D490-44F8-B418-661B91E4918D}.Release|x64.Build.0 = Release|x64
		{884FF468-D490-44F8-B418-661B91E4918D}.Release|x86.ActiveCfg = Release|Win32
		{884FF468-D490-44F8-B418-661B91E4918D}.Release|x86.Build.0 = Release|Win32
	EndGlobalSection
	GlobalSection(SolutionProperties) = preSolution
		HideSolutionNode = FALSE
	EndGlobalSection
	GlobalSection(ExtensibilityGlobals) = postSolution
		SolutionGuid = {C28A3F0B-3B65-449F-ADD2-418542BA822A}
	EndGlobalSection
EndGlobal
