<?xml version="1.0" encoding="utf-8"?>
<Project ToolsVersion="4.0" xmlns="http://schemas.microsoft.com/developer/msbuild/2003">
  <ItemGroup>
    <Filter Include="源文件">
      <UniqueIdentifier>{4FC737F1-C7A5-4376-A066-2A32D752A2FF}</UniqueIdentifier>
      <Extensions>cpp;c;cc;cxx;def;odl;idl;hpj;bat;asm;asmx</Extensions>
    </Filter>
    <Filter Include="头文件">
      <UniqueIdentifier>{93995380-89BD-4b04-88EB-625FBE52EBFB}</UniqueIdentifier>
      <Extensions>h;hh;hpp;hxx;hm;inl;inc;xsd</Extensions>
    </Filter>
    <Filter Include="资源文件">
      <UniqueIdentifier>{67DA6AB6-F800-4c08-8B7A-83BB121AAD01}</UniqueIdentifier>
      <Extensions>rc;ico;cur;bmp;dlg;rc2;rct;bin;rgs;gif;jpg;jpeg;jpe;resx;tiff;tif;png;wav;mfcribbon-ms</Extensions>
    </Filter>
  </ItemGroup>
  <ItemGroup>
    <ClCompile Include="hello world.cpp">
      <Filter>源文件</Filter>
    </ClCompile>
    <ClCompile Include="简易工资管理.cpp">
      <Filter>源文件</Filter>
    </ClCompile>
    <ClCompile Include="出租车收费程序.cpp">
      <Filter>源文件</Filter>
    </ClCompile>
    <ClCompile Include="长方体计算.cpp">
      <Filter>源文件</Filter>
    </ClCompile>
    <ClCompile Include="使用对象成员构成新类_由点求线段距离.cpp">
      <Filter>源文件</Filter>
    </ClCompile>
    <ClCompile Include="产品类设计.cpp">
      <Filter>源文件</Filter>
    </ClCompile>
    <ClCompile Include="车类.cpp">
      <Filter>源文件</Filter>
    </ClCompile>
    <ClCompile Include="动态多态性.cpp">
      <Filter>源文件</Filter>
    </ClCompile>
    <ClCompile Include="矩阵类运算符重载.cpp">
      <Filter>源文件</Filter>
    </ClCompile>
    <ClCompile Include="报告3.1.cpp">
      <Filter>源文件</Filter>
    </ClCompile>
    <ClCompile Include="模板1.cpp">
      <Filter>源文件</Filter>
    </ClCompile>
    <ClCompile Include="实验4.1模板.cpp">
      <Filter>源文件</Filter>
    </ClCompile>
    <ClCompile Include="文件读写.cpp">
      <Filter>源文件</Filter>
    </ClCompile>
    <ClCompile Include="输入输出操作符的重载.cpp">
      <Filter>源文件</Filter>
    </ClCompile>
    <ClCompile Include="复数加减乘除号重载.cpp">
      <Filter>源文件</Filter>
    </ClCompile>
    <ClCompile Include="带表头节点单链表的操作.cpp">
      <Filter>源文件</Filter>
    </ClCompile>
    <ClCompile Include="单链表逆置加排序.cpp">
      <Filter>源文件</Filter>
    </ClCompile>
    <ClCompile Include="非与或等运算.cpp">
      <Filter>源文件</Filter>
    </ClCompile>
    <ClCompile Include="二叉树.cpp">
      <Filter>源文件</Filter>
    </ClCompile>
    <ClCompile Include="哈夫曼树.cpp">
      <Filter>源文件</Filter>
    </ClCompile>
    <ClCompile Include="自反对称传递.cpp">
      <Filter>源文件</Filter>
    </ClCompile>
    <ClCompile Include="哈夫曼2.cpp">
      <Filter>源文件</Filter>
    </ClCompile>
    <ClCompile Include="邻接表.cpp">
      <Filter>源文件</Filter>
    </ClCompile>
    <ClCompile Include="邻接矩阵.cpp">
      <Filter>源文件</Filter>
    </ClCompile>
  </ItemGroup>
</Project>